{
  "name": "axona-share",
  "version": "0.20.0",
  "lockfileVersion": 3,
  "requires": true,
  "packages": {
    "": {
      "name": "axona-share",
      "version": "0.20.0",
      "dependencies": {
        "@axona/protocol": "github:axona-net/axona-protocol#v4.75.0"
      }
    },
    "node_modules/@axona/protocol": {
      "version": "4.75.0",
      "resolved": "git+ssh://git@github.com/axona-net/axona-protocol.git#5ce792ea38cc157827125b9e50511258de21e86a",
      "license": "MIT",
      "engines": {
        "node": ">=20"
      }
    }
  }
}
