{
  "name": "axona-share",
  "version": "0.19.0",
  "lockfileVersion": 3,
  "requires": true,
  "packages": {
    "": {
      "name": "axona-share",
      "version": "0.19.0",
      "dependencies": {
        "@axona/protocol": "github:axona-net/axona-protocol#v4.61.0"
      }
    },
    "node_modules/@axona/protocol": {
      "version": "4.61.0",
      "resolved": "git+ssh://git@github.com/axona-net/axona-protocol.git#1123bc3518c1eb45bd628cda834b2670db711205",
      "license": "MIT",
      "engines": {
        "node": ">=20"
      }
    }
  }
}
