{
  "name": "axona-share",
  "version": "0.9.0",
  "lockfileVersion": 3,
  "requires": true,
  "packages": {
    "": {
      "name": "axona-share",
      "version": "0.9.0",
      "dependencies": {
        "@axona/protocol": "github:axona-net/axona-protocol#semver:^2.51.0"
      }
    },
    "node_modules/@axona/protocol": {
      "version": "2.51.0",
      "resolved": "git+ssh://git@github.com/axona-net/axona-protocol.git#92356193c5415964623a70993d6725387287c649",
      "license": "MIT",
      "engines": {
        "node": ">=20"
      }
    }
  }
}
